
Microsoft Visual Studio Solution File, Format Version 12.00
# Visual Studio 2012
Project("{2150E333-8FDC-42A3-9474-1A3956D46DE8}") = "AnioBisiestoApp", "AnioBisiestoApp", "{6DCF7426-4286-4B43-9BB6-829B5A4DC992}"
EndProject
Project("{2150E333-8FDC-42A3-9474-1A3956D46DE8}") = "AnioBisiestoTest", "AnioBisiestoTest", "{EB23FEC8-8A53-4620-B6C6-308E91614F5D}"
EndProject
Project("{FAE04EC0-301F-11D3-BF4B-00C04F79EFBC}") = "AnioBisiesto", "AnioBisiesto\AnioBisiesto.csproj", "{24102C69-6701-4F9B-870E-160BDDC5E0A1}"
EndProject
Project("{FAE04EC0-301F-11D3-BF4B-00C04F79EFBC}") = "AnioBisiestoTest", "AnioBisiestoTest\AnioBisiestoTest.csproj", "{91A51B20-BB33-4FB8-A3F1-91C21399608C}"
EndProject
Global
	GlobalSection(SolutionConfigurationPlatforms) = preSolution
		Debug|Any CPU = Debug|Any CPU
		Release|Any CPU = Release|Any CPU
	EndGlobalSection
	GlobalSection(ProjectConfigurationPlatforms) = postSolution
		{24102C69-6701-4F9B-870E-160BDDC5E0A1}.Debug|Any CPU.ActiveCfg = Debug|Any CPU
		{24102C69-6701-4F9B-870E-160BDDC5E0A1}.Debug|Any CPU.Build.0 = Debug|Any CPU
		{24102C69-6701-4F9B-870E-160BDDC5E0A1}.Release|Any CPU.ActiveCfg = Release|Any CPU
		{24102C69-6701-4F9B-870E-160BDDC5E0A1}.Release|Any CPU.Build.0 = Release|Any CPU
		{91A51B20-BB33-4FB8-A3F1-91C21399608C}.Debug|Any CPU.ActiveCfg = Debug|Any CPU
		{91A51B20-BB33-4FB8-A3F1-91C21399608C}.Debug|Any CPU.Build.0 = Debug|Any CPU
		{91A51B20-BB33-4FB8-A3F1-91C21399608C}.Release|Any CPU.ActiveCfg = Release|Any CPU
		{91A51B20-BB33-4FB8-A3F1-91C21399608C}.Release|Any CPU.Build.0 = Release|Any CPU
	EndGlobalSection
	GlobalSection(SolutionProperties) = preSolution
		HideSolutionNode = FALSE
	EndGlobalSection
	GlobalSection(NestedProjects) = preSolution
		{24102C69-6701-4F9B-870E-160BDDC5E0A1} = {6DCF7426-4286-4B43-9BB6-829B5A4DC992}
		{91A51B20-BB33-4FB8-A3F1-91C21399608C} = {EB23FEC8-8A53-4620-B6C6-308E91614F5D}
	EndGlobalSection
EndGlobal
